// !$*UTF8*$!
{
	archiveVersion = 1;
	classes = {
	};
	objectVersion = 46;
	objects = {

/* Begin PBXBuildFile section */
		C80F536213ADC5A60040519D /* sync.png in Resources */ = {isa = PBXBuildFile; fileRef = C80F536013ADC5A60040519D /* sync.png */; };
		C80F536313ADC5A60040519D /* sync@2x.png in Resources */ = {isa = PBXBuildFile; fileRef = C80F536113ADC5A60040519D /* sync@2x.png */; };
		C820778813AD406800C4F9C9 /* UIKit.framework in Frameworks */ = {isa = PBXBuildFile; fileRef = C820778713AD406800C4F9C9 /* UIKit.framework */; };
		C820778A13AD406800C4F9C9 /* Foundation.framework in Frameworks */ = {isa = PBXBuildFile; fileRef = C820778913AD406800C4F9C9 /* Foundation.framework */; };
		C820778C13AD406800C4F9C9 /* CoreGraphics.framework in Frameworks */ = {isa = PBXBuildFile; fileRef = C820778B13AD406800C4F9C9 /* CoreGraphics.framework */; };
		C820778E13AD406800C4F9C9 /* CoreData.framework in Frameworks */ = {isa = PBXBuildFile; fileRef = C820778D13AD406800C4F9C9 /* CoreData.framework */; };
		C820779413AD406800C4F9C9 /* InfoPlist.strings in Resources */ = {isa = PBXBuildFile; fileRef = C820779213AD406800C4F9C9 /* InfoPlist.strings */; };
		C820779713AD406800C4F9C9 /* main.m in Sources */ = {isa = PBXBuildFile; fileRef = C820779613AD406800C4F9C9 /* main.m */; };
		C820779A13AD406800C4F9C9 /* MyCityAppDelegate.m in Sources */ = {isa = PBXBuildFile; fileRef = C820779913AD406800C4F9C9 /* MyCityAppDelegate.m */; };
		C820779D13AD406800C4F9C9 /* MyCity.xcdatamodeld in Sources */ = {isa = PBXBuildFile; fileRef = C820779B13AD406800C4F9C9 /* MyCity.xcdatamodeld */; };
		C82077A013AD406800C4F9C9 /* MainWindow.xib in Resources */ = {isa = PBXBuildFile; fileRef = C820779E13AD406800C4F9C9 /* MainWindow.xib */; };
		C82077A313AD406800C4F9C9 /* RootViewController.m in Sources */ = {isa = PBXBuildFile; fileRef = C82077A213AD406800C4F9C9 /* RootViewController.m */; };
		C82077AD13AD48CA00C4F9C9 /* QuartzCore.framework in Frameworks */ = {isa = PBXBuildFile; fileRef = C82077AC13AD48CA00C4F9C9 /* QuartzCore.framework */; };
		C82077D713AD523200C4F9C9 /* CoreLocation.framework in Frameworks */ = {isa = PBXBuildFile; fileRef = C82077D613AD523200C4F9C9 /* CoreLocation.framework */; };
		C82077F313AD572400C4F9C9 /* NSObject+SBJson.m in Sources */ = {isa = PBXBuildFile; fileRef = C82077DB13AD572400C4F9C9 /* NSObject+SBJson.m */; };
		C82077F413AD572400C4F9C9 /* SBJsonParser.m in Sources */ = {isa = PBXBuildFile; fileRef = C82077DE13AD572400C4F9C9 /* SBJsonParser.m */; };
		C82077F513AD572400C4F9C9 /* SBJsonStreamParser.m in Sources */ = {isa = PBXBuildFile; fileRef = C82077E013AD572400C4F9C9 /* SBJsonStreamParser.m */; };
		C82077F613AD572400C4F9C9 /* SBJsonStreamParserAccumulator.m in Sources */ = {isa = PBXBuildFile; fileRef = C82077E213AD572400C4F9C9 /* SBJsonStreamParserAccumulator.m */; };
		C82077F713AD572400C4F9C9 /* SBJsonStreamParserAdapter.m in Sources */ = {isa = PBXBuildFile; fileRef = C82077E413AD572400C4F9C9 /* SBJsonStreamParserAdapter.m */; };
		C82077F813AD572400C4F9C9 /* SBJsonStreamParserState.m in Sources */ = {isa = PBXBuildFile; fileRef = C82077E613AD572400C4F9C9 /* SBJsonStreamParserState.m */; };
		C82077F913AD572400C4F9C9 /* SBJsonStreamWriter.m in Sources */ = {isa = PBXBuildFile; fileRef = C82077E813AD572400C4F9C9 /* SBJsonStreamWriter.m */; };
		C82077FA13AD572400C4F9C9 /* SBJsonStreamWriterAccumulator.m in Sources */ = {isa = PBXBuildFile; fileRef = C82077EA13AD572400C4F9C9 /* SBJsonStreamWriterAccumulator.m */; };
		C82077FB13AD572400C4F9C9 /* SBJsonStreamWriterState.m in Sources */ = {isa = PBXBuildFile; fileRef = C82077EC13AD572400C4F9C9 /* SBJsonStreamWriterState.m */; };
		C82077FC13AD572400C4F9C9 /* SBJsonTokeniser.m in Sources */ = {isa = PBXBuildFile; fileRef = C82077EE13AD572400C4F9C9 /* SBJsonTokeniser.m */; };
		C82077FD13AD572400C4F9C9 /* SBJsonUTF8Stream.m in Sources */ = {isa = PBXBuildFile; fileRef = C82077F013AD572400C4F9C9 /* SBJsonUTF8Stream.m */; };
		C82077FE13AD572400C4F9C9 /* SBJsonWriter.m in Sources */ = {isa = PBXBuildFile; fileRef = C82077F213AD572400C4F9C9 /* SBJsonWriter.m */; };
		C820780713AD57DB00C4F9C9 /* MCIssue.m in Sources */ = {isa = PBXBuildFile; fileRef = C820780613AD57DB00C4F9C9 /* MCIssue.m */; };
		C820782C13AD8A9400C4F9C9 /* RootViewController.xib in Resources */ = {isa = PBXBuildFile; fileRef = C820782B13AD8A9400C4F9C9 /* RootViewController.xib */; };
		C820782E13AD8B2100C4F9C9 /* EMOptionsTableViewCell.xib in Resources */ = {isa = PBXBuildFile; fileRef = C820782D13AD8B2100C4F9C9 /* EMOptionsTableViewCell.xib */; };
		C820783A13ADA21800C4F9C9 /* TISwipeableTableView.m in Sources */ = {isa = PBXBuildFile; fileRef = C820783713ADA21800C4F9C9 /* TISwipeableTableView.m */; };
		C820783B13ADA21800C4F9C9 /* SwipeableCell.m in Sources */ = {isa = PBXBuildFile; fileRef = C820783913ADA21800C4F9C9 /* SwipeableCell.m */; };
		C820783E13ADA35300C4F9C9 /* Default.png in Resources */ = {isa = PBXBuildFile; fileRef = C820783D13ADA35300C4F9C9 /* Default.png */; };
		C820784213ADA4C600C4F9C9 /* patternBg.png in Resources */ = {isa = PBXBuildFile; fileRef = C820784113ADA4C600C4F9C9 /* patternBg.png */; };
		C820784613ADAD3500C4F9C9 /* patternBgGray.png in Resources */ = {isa = PBXBuildFile; fileRef = C820784513ADAD3400C4F9C9 /* patternBgGray.png */; };
		C820786013ADBA4E00C4F9C9 /* reportNote.png in Resources */ = {isa = PBXBuildFile; fileRef = C820785E13ADBA4E00C4F9C9 /* reportNote.png */; };
		C820786113ADBA4E00C4F9C9 /* reportNote@2x.png in Resources */ = {isa = PBXBuildFile; fileRef = C820785F13ADBA4E00C4F9C9 /* reportNote@2x.png */; };
		C820786413ADBAD800C4F9C9 /* cityLogo.png in Resources */ = {isa = PBXBuildFile; fileRef = C820786213ADBAD800C4F9C9 /* cityLogo.png */; };
		C820786513ADBAD800C4F9C9 /* cityLogo@2x.png in Resources */ = {isa = PBXBuildFile; fileRef = C820786313ADBAD800C4F9C9 /* cityLogo@2x.png */; };
		C820787713ADBFE300C4F9C9 /* Titling.ttf in Resources */ = {isa = PBXBuildFile; fileRef = C820787613ADBFE300C4F9C9 /* Titling.ttf */; };
		C820787913ADC0F300C4F9C9 /* Angelina.ttf in Resources */ = {isa = PBXBuildFile; fileRef = C820787813ADC0F300C4F9C9 /* Angelina.ttf */; };
/* End PBXBuildFile section */

/* Begin PBXFileReference section */
		C80F536013ADC5A60040519D /* sync.png */ = {isa = PBXFileReference; lastKnownFileType = image.png; path = sync.png; sourceTree = "<group>"; };
		C80F536113ADC5A60040519D /* sync@2x.png */ = {isa = PBXFileReference; lastKnownFileType = image.png; path = "sync@2x.png"; sourceTree = "<group>"; };
		C820778313AD406800C4F9C9 /* MyCity.app */ = {isa = PBXFileReference; explicitFileType = wrapper.application; includeInIndex = 0; path = MyCity.app; sourceTree = BUILT_PRODUCTS_DIR; };
		C820778713AD406800C4F9C9 /* UIKit.framework */ = {isa = PBXFileReference; lastKnownFileType = wrapper.framework; name = UIKit.framework; path = System/Library/Frameworks/UIKit.framework; sourceTree = SDKROOT; };
		C820778913AD406800C4F9C9 /* Foundation.framework */ = {isa = PBXFileReference; lastKnownFileType = wrapper.framework; name = Foundation.framework; path = System/Library/Frameworks/Foundation.framework; sourceTree = SDKROOT; };
		C820778B13AD406800C4F9C9 /* CoreGraphics.framework */ = {isa = PBXFileReference; lastKnownFileType = wrapper.framework; name = CoreGraphics.framework; path = System/Library/Frameworks/CoreGraphics.framework; sourceTree = SDKROOT; };
		C820778D13AD406800C4F9C9 /* CoreData.framework */ = {isa = PBXFileReference; lastKnownFileType = wrapper.framework; name = CoreData.framework; path = System/Library/Frameworks/CoreData.framework; sourceTree = SDKROOT; };
		C820779113AD406800C4F9C9 /* MyCity-Info.plist */ = {isa = PBXFileReference; lastKnownFileType = text.plist.xml; path = "MyCity-Info.plist"; sourceTree = "<group>"; };
		C820779313AD406800C4F9C9 /* en */ = {isa = PBXFileReference; lastKnownFileType = text.plist.strings; name = en; path = en.lproj/InfoPlist.strings; sourceTree = "<group>"; };
		C820779513AD406800C4F9C9 /* MyCity-Prefix.pch */ = {isa = PBXFileReference; lastKnownFileType = sourcecode.c.h; path = "MyCity-Prefix.pch"; sourceTree = "<group>"; };
		C820779613AD406800C4F9C9 /* main.m */ = {isa = PBXFileReference; lastKnownFileType = sourcecode.c.objc; path = main.m; sourceTree = "<group>"; };
		C820779813AD406800C4F9C9 /* MyCityAppDelegate.h */ = {isa = PBXFileReference; lastKnownFileType = sourcecode.c.h; path = MyCityAppDelegate.h; sourceTree = "<group>"; };
		C820779913AD406800C4F9C9 /* MyCityAppDelegate.m */ = {isa = PBXFileReference; lastKnownFileType = sourcecode.c.objc; path = MyCityAppDelegate.m; sourceTree = "<group>"; };
		C820779C13AD406800C4F9C9 /* MyCity.xcdatamodel */ = {isa = PBXFileReference; lastKnownFileType = wrapper.xcdatamodel; path = MyCity.xcdatamodel; sourceTree = "<group>"; };
		C820779F13AD406800C4F9C9 /* en */ = {isa = PBXFileReference; lastKnownFileType = file.xib; name = en; path = en.lproj/MainWindow.xib; sourceTree = "<group>"; };
		C82077A113AD406800C4F9C9 /* RootViewController.h */ = {isa = PBXFileReference; lastKnownFileType = sourcecode.c.h; path = RootViewController.h; sourceTree = "<group>"; };
		C82077A213AD406800C4F9C9 /* RootViewController.m */ = {isa = PBXFileReference; lastKnownFileType = sourcecode.c.objc; path = RootViewController.m; sourceTree = "<group>"; };
		C82077AC13AD48CA00C4F9C9 /* QuartzCore.framework */ = {isa = PBXFileReference; lastKnownFileType = wrapper.framework; name = QuartzCore.framework; path = System/Library/Frameworks/QuartzCore.framework; sourceTree = SDKROOT; };
		C82077D613AD523200C4F9C9 /* CoreLocation.framework */ = {isa = PBXFileReference; lastKnownFileType = wrapper.framework; name = CoreLocation.framework; path = System/Library/Frameworks/CoreLocation.framework; sourceTree = SDKROOT; };
		C82077D913AD572400C4F9C9 /* JSON.h */ = {isa = PBXFileReference; fileEncoding = 4; lastKnownFileType = sourcecode.c.h; path = JSON.h; sourceTree = "<group>"; };
		C82077DA13AD572400C4F9C9 /* NSObject+SBJson.h */ = {isa = PBXFileReference; fileEncoding = 4; lastKnownFileType = sourcecode.c.h; path = "NSObject+SBJson.h"; sourceTree = "<group>"; };
		C82077DB13AD572400C4F9C9 /* NSObject+SBJson.m */ = {isa = PBXFileReference; fileEncoding = 4; lastKnownFileType = sourcecode.c.objc; path = "NSObject+SBJson.m"; sourceTree = "<group>"; };
		C82077DC13AD572400C4F9C9 /* SBJson.h */ = {isa = PBXFileReference; fileEncoding = 4; lastKnownFileType = sourcecode.c.h; path = SBJson.h; sourceTree = "<group>"; };
		C82077DD13AD572400C4F9C9 /* SBJsonParser.h */ = {isa = PBXFileReference; fileEncoding = 4; lastKnownFileType = sourcecode.c.h; path = SBJsonParser.h; sourceTree = "<group>"; };
		C82077DE13AD572400C4F9C9 /* SBJsonParser.m */ = {isa = PBXFileReference; fileEncoding = 4; lastKnownFileType = sourcecode.c.objc; path = SBJsonParser.m; sourceTree = "<group>"; };
		C82077DF13AD572400C4F9C9 /* SBJsonStreamParser.h */ = {isa = PBXFileReference; fileEncoding = 4; lastKnownFileType = sourcecode.c.h; path = SBJsonStreamParser.h; sourceTree = "<group>"; };
		C82077E013AD572400C4F9C9 /* SBJsonStreamParser.m */ = {isa = PBXFileReference; fileEncoding = 4; lastKnownFileType = sourcecode.c.objc; path = SBJsonStreamParser.m; sourceTree = "<group>"; };
		C82077E113AD572400C4F9C9 /* SBJsonStreamParserAccumulator.h */ = {isa = PBXFileReference; fileEncoding = 4; lastKnownFileType = sourcecode.c.h; path = SBJsonStreamParserAccumulator.h; sourceTree = "<group>"; };
		C82077E213AD572400C4F9C9 /* SBJsonStreamParserAccumulator.m */ = {isa = PBXFileReference; fileEncoding = 4; lastKnownFileType = sourcecode.c.objc; path = SBJsonStreamParserAccumulator.m; sourceTree = "<group>"; };
		C82077E313AD572400C4F9C9 /* SBJsonStreamParserAdapter.h */ = {isa = PBXFileReference; fileEncoding = 4; lastKnownFileType = sourcecode.c.h; path = SBJsonStreamParserAdapter.h; sourceTree = "<group>"; };
		C82077E413AD572400C4F9C9 /* SBJsonStreamParserAdapter.m */ = {isa = PBXFileReference; fileEncoding = 4; lastKnownFileType = sourcecode.c.objc; path = SBJsonStreamParserAdapter.m; sourceTree = "<group>"; };
		C82077E513AD572400C4F9C9 /* SBJsonStreamParserState.h */ = {isa = PBXFileReference; fileEncoding = 4; lastKnownFileType = sourcecode.c.h; path = SBJsonStreamParserState.h; sourceTree = "<group>"; };
		C82077E613AD572400C4F9C9 /* SBJsonStreamParserState.m */ = {isa = PBXFileReference; fileEncoding = 4; lastKnownFileType = sourcecode.c.objc; path = SBJsonStreamParserState.m; sourceTree = "<group>"; };
		C82077E713AD572400C4F9C9 /* SBJsonStreamWriter.h */ = {isa = PBXFileReference; fileEncoding = 4; lastKnownFileType = sourcecode.c.h; path = SBJsonStreamWriter.h; sourceTree = "<group>"; };
		C82077E813AD572400C4F9C9 /* SBJsonStreamWriter.m */ = {isa = PBXFileReference; fileEncoding = 4; lastKnownFileType = sourcecode.c.objc; path = SBJsonStreamWriter.m; sourceTree = "<group>"; };
		C82077E913AD572400C4F9C9 /* SBJsonStreamWriterAccumulator.h */ = {isa = PBXFileReference; fileEncoding = 4; lastKnownFileType = sourcecode.c.h; path = SBJsonStreamWriterAccumulator.h; sourceTree = "<group>"; };
		C82077EA13AD572400C4F9C9 /* SBJsonStreamWriterAccumulator.m */ = {isa = PBXFileReference; fileEncoding = 4; lastKnownFileType = sourcecode.c.objc; path = SBJsonStreamWriterAccumulator.m; sourceTree = "<group>"; };
		C82077EB13AD572400C4F9C9 /* SBJsonStreamWriterState.h */ = {isa = PBXFileReference; fileEncoding = 4; lastKnownFileType = sourcecode.c.h; path = SBJsonStreamWriterState.h; sourceTree = "<group>"; };
		C82077EC13AD572400C4F9C9 /* SBJsonStreamWriterState.m */ = {isa = PBXFileReference; fileEncoding = 4; lastKnownFileType = sourcecode.c.objc; path = SBJsonStreamWriterState.m; sourceTree = "<group>"; };
		C82077ED13AD572400C4F9C9 /* SBJsonTokeniser.h */ = {isa = PBXFileReference; fileEncoding = 4; lastKnownFileType = sourcecode.c.h; path = SBJsonTokeniser.h; sourceTree = "<group>"; };
		C82077EE13AD572400C4F9C9 /* SBJsonTokeniser.m */ = {isa = PBXFileReference; fileEncoding = 4; lastKnownFileType = sourcecode.c.objc; path = SBJsonTokeniser.m; sourceTree = "<group>"; };
		C82077EF13AD572400C4F9C9 /* SBJsonUTF8Stream.h */ = {isa = PBXFileReference; fileEncoding = 4; lastKnownFileType = sourcecode.c.h; path = SBJsonUTF8Stream.h; sourceTree = "<group>"; };
		C82077F013AD572400C4F9C9 /* SBJsonUTF8Stream.m */ = {isa = PBXFileReference; fileEncoding = 4; lastKnownFileType = sourcecode.c.objc; path = SBJsonUTF8Stream.m; sourceTree = "<group>"; };
		C82077F113AD572400C4F9C9 /* SBJsonWriter.h */ = {isa = PBXFileReference; fileEncoding = 4; lastKnownFileType = sourcecode.c.h; path = SBJsonWriter.h; sourceTree = "<group>"; };
		C82077F213AD572400C4F9C9 /* SBJsonWriter.m */ = {isa = PBXFileReference; fileEncoding = 4; lastKnownFileType = sourcecode.c.objc; path = SBJsonWriter.m; sourceTree = "<group>"; };
		C820780513AD57DB00C4F9C9 /* MCIssue.h */ = {isa = PBXFileReference; fileEncoding = 4; lastKnownFileType = sourcecode.c.h; path = MCIssue.h; sourceTree = "<group>"; };
		C820780613AD57DB00C4F9C9 /* MCIssue.m */ = {isa = PBXFileReference; fileEncoding = 4; lastKnownFileType = sourcecode.c.objc; path = MCIssue.m; sourceTree = "<group>"; };
		C820782B13AD8A9400C4F9C9 /* RootViewController.xib */ = {isa = PBXFileReference; fileEncoding = 4; lastKnownFileType = file.xib; path = RootViewController.xib; sourceTree = "<group>"; };
		C820782D13AD8B2100C4F9C9 /* EMOptionsTableViewCell.xib */ = {isa = PBXFileReference; fileEncoding = 4; lastKnownFileType = file.xib; path = EMOptionsTableViewCell.xib; sourceTree = "<group>"; };
		C820783613ADA21800C4F9C9 /* TISwipeableTableView.h */ = {isa = PBXFileReference; fileEncoding = 4; lastKnownFileType = sourcecode.c.h; path = TISwipeableTableView.h; sourceTree = "<group>"; };
		C820783713ADA21800C4F9C9 /* TISwipeableTableView.m */ = {isa = PBXFileReference; fileEncoding = 4; lastKnownFileType = sourcecode.c.objc; path = TISwipeableTableView.m; sourceTree = "<group>"; };
		C820783813ADA21800C4F9C9 /* SwipeableCell.h */ = {isa = PBXFileReference; fileEncoding = 4; lastKnownFileType = sourcecode.c.h; path = SwipeableCell.h; sourceTree = "<group>"; };
		C820783913ADA21800C4F9C9 /* SwipeableCell.m */ = {isa = PBXFileReference; fileEncoding = 4; lastKnownFileType = sourcecode.c.objc; path = SwipeableCell.m; sourceTree = "<group>"; };
		C820783D13ADA35300C4F9C9 /* Default.png */ = {isa = PBXFileReference; lastKnownFileType = image.png; path = Default.png; sourceTree = "<group>"; };
		C820784113ADA4C600C4F9C9 /* patternBg.png */ = {isa = PBXFileReference; lastKnownFileType = image.png; path = patternBg.png; sourceTree = "<group>"; };
		C820784513ADAD3400C4F9C9 /* patternBgGray.png */ = {isa = PBXFileReference; lastKnownFileType = image.png; path = patternBgGray.png; sourceTree = "<group>"; };
		C820785E13ADBA4E00C4F9C9 /* reportNote.png */ = {isa = PBXFileReference; lastKnownFileType = image.png; path = reportNote.png; sourceTree = "<group>"; };
		C820785F13ADBA4E00C4F9C9 /* reportNote@2x.png */ = {isa = PBXFileReference; lastKnownFileType = image.png; path = "reportNote@2x.png"; sourceTree = "<group>"; };
		C820786213ADBAD800C4F9C9 /* cityLogo.png */ = {isa = PBXFileReference; lastKnownFileType = image.png; path = cityLogo.png; sourceTree = "<group>"; };
		C820786313ADBAD800C4F9C9 /* cityLogo@2x.png */ = {isa = PBXFileReference; lastKnownFileType = image.png; path = "cityLogo@2x.png"; sourceTree = "<group>"; };
		C820787613ADBFE300C4F9C9 /* Titling.ttf */ = {isa = PBXFileReference; lastKnownFileType = file; path = Titling.ttf; sourceTree = "<group>"; };
		C820787813ADC0F300C4F9C9 /* Angelina.ttf */ = {isa = PBXFileReference; lastKnownFileType = file; path = Angelina.ttf; sourceTree = "<group>"; };
/* End PBXFileReference section */

/* Begin PBXFrameworksBuildPhase section */
		C820778013AD406800C4F9C9 /* Frameworks */ = {
			isa = PBXFrameworksBuildPhase;
			buildActionMask = 2147483647;
			files = (
				C82077D713AD523200C4F9C9 /* CoreLocation.framework in Frameworks */,
				C82077AD13AD48CA00C4F9C9 /* QuartzCore.framework in Frameworks */,
				C820778813AD406800C4F9C9 /* UIKit.framework in Frameworks */,
				C820778A13AD406800C4F9C9 /* Foundation.framework in Frameworks */,
				C820778C13AD406800C4F9C9 /* CoreGraphics.framework in Frameworks */,
				C820778E13AD406800C4F9C9 /* CoreData.framework in Frameworks */,
			);
			runOnlyForDeploymentPostprocessing = 0;
		};
/* End PBXFrameworksBuildPhase section */

/* Begin PBXGroup section */
		C820777813AD406800C4F9C9 = {
			isa = PBXGroup;
			children = (
				C820778F13AD406800C4F9C9 /* MyCity */,
				C820778613AD406800C4F9C9 /* Frameworks */,
				C820778413AD406800C4F9C9 /* Products */,
			);
			sourceTree = "<group>";
		};
		C820778413AD406800C4F9C9 /* Products */ = {
			isa = PBXGroup;
			children = (
				C820778313AD406800C4F9C9 /* MyCity.app */,
			);
			name = Products;
			sourceTree = "<group>";
		};
		C820778613AD406800C4F9C9 /* Frameworks */ = {
			isa = PBXGroup;
			children = (
				C82077D613AD523200C4F9C9 /* CoreLocation.framework */,
				C82077AC13AD48CA00C4F9C9 /* QuartzCore.framework */,
				C820778713AD406800C4F9C9 /* UIKit.framework */,
				C820778913AD406800C4F9C9 /* Foundation.framework */,
				C820778B13AD406800C4F9C9 /* CoreGraphics.framework */,
				C820778D13AD406800C4F9C9 /* CoreData.framework */,
			);
			name = Frameworks;
			sourceTree = "<group>";
		};
		C820778F13AD406800C4F9C9 /* MyCity */ = {
			isa = PBXGroup;
			children = (
				C820784713ADAD6300C4F9C9 /* Resources */,
				C820783C13ADA33A00C4F9C9 /* Images */,
				C820783513ADA1F200C4F9C9 /* SwipableTableView stuff */,
				C82077D813AD571000C4F9C9 /* SBJSON */,
				C820779813AD406800C4F9C9 /* MyCityAppDelegate.h */,
				C820779913AD406800C4F9C9 /* MyCityAppDelegate.m */,
				C820779E13AD406800C4F9C9 /* MainWindow.xib */,
				C820782B13AD8A9400C4F9C9 /* RootViewController.xib */,
				C82077A113AD406800C4F9C9 /* RootViewController.h */,
				C82077A213AD406800C4F9C9 /* RootViewController.m */,
				C820779B13AD406800C4F9C9 /* MyCity.xcdatamodeld */,
				C820779013AD406800C4F9C9 /* Supporting Files */,
				C820780513AD57DB00C4F9C9 /* MCIssue.h */,
				C820780613AD57DB00C4F9C9 /* MCIssue.m */,
				C820782D13AD8B2100C4F9C9 /* EMOptionsTableViewCell.xib */,
			);
			path = MyCity;
			sourceTree = "<group>";
		};
		C820779013AD406800C4F9C9 /* Supporting Files */ = {
			isa = PBXGroup;
			children = (
				C820779113AD406800C4F9C9 /* MyCity-Info.plist */,
				C820779213AD406800C4F9C9 /* InfoPlist.strings */,
				C820779513AD406800C4F9C9 /* MyCity-Prefix.pch */,
				C820779613AD406800C4F9C9 /* main.m */,
			);
			name = "Supporting Files";
			sourceTree = "<group>";
		};
		C82077D813AD571000C4F9C9 /* SBJSON */ = {
			isa = PBXGroup;
			children = (
				C82077D913AD572400C4F9C9 /* JSON.h */,
				C82077DA13AD572400C4F9C9 /* NSObject+SBJson.h */,
				C82077DB13AD572400C4F9C9 /* NSObject+SBJson.m */,
				C82077DC13AD572400C4F9C9 /* SBJson.h */,
				C82077DD13AD572400C4F9C9 /* SBJsonParser.h */,
				C82077DE13AD572400C4F9C9 /* SBJsonParser.m */,
				C82077DF13AD572400C4F9C9 /* SBJsonStreamParser.h */,
				C82077E013AD572400C4F9C9 /* SBJsonStreamParser.m */,
				C82077E113AD572400C4F9C9 /* SBJsonStreamParserAccumulator.h */,
				C82077E213AD572400C4F9C9 /* SBJsonStreamParserAccumulator.m */,
				C82077E313AD572400C4F9C9 /* SBJsonStreamParserAdapter.h */,
				C82077E413AD572400C4F9C9 /* SBJsonStreamParserAdapter.m */,
				C82077E513AD572400C4F9C9 /* SBJsonStreamParserState.h */,
				C82077E613AD572400C4F9C9 /* SBJsonStreamParserState.m */,
				C82077E713AD572400C4F9C9 /* SBJsonStreamWriter.h */,
				C82077E813AD572400C4F9C9 /* SBJsonStreamWriter.m */,
				C82077E913AD572400C4F9C9 /* SBJsonStreamWriterAccumulator.h */,
				C82077EA13AD572400C4F9C9 /* SBJsonStreamWriterAccumulator.m */,
				C82077EB13AD572400C4F9C9 /* SBJsonStreamWriterState.h */,
				C82077EC13AD572400C4F9C9 /* SBJsonStreamWriterState.m */,
				C82077ED13AD572400C4F9C9 /* SBJsonTokeniser.h */,
				C82077EE13AD572400C4F9C9 /* SBJsonTokeniser.m */,
				C82077EF13AD572400C4F9C9 /* SBJsonUTF8Stream.h */,
				C82077F013AD572400C4F9C9 /* SBJsonUTF8Stream.m */,
				C82077F113AD572400C4F9C9 /* SBJsonWriter.h */,
				C82077F213AD572400C4F9C9 /* SBJsonWriter.m */,
			);
			name = SBJSON;
			sourceTree = "<group>";
		};
		C820783513ADA1F200C4F9C9 /* SwipableTableView stuff */ = {
			isa = PBXGroup;
			children = (
				C820783613ADA21800C4F9C9 /* TISwipeableTableView.h */,
				C820783713ADA21800C4F9C9 /* TISwipeableTableView.m */,
				C820783813ADA21800C4F9C9 /* SwipeableCell.h */,
				C820783913ADA21800C4F9C9 /* SwipeableCell.m */,
			);
			name = "SwipableTableView stuff";
			sourceTree = "<group>";
		};
		C820783C13ADA33A00C4F9C9 /* Images */ = {
			isa = PBXGroup;
			children = (
				C820786213ADBAD800C4F9C9 /* cityLogo.png */,
				C820786313ADBAD800C4F9C9 /* cityLogo@2x.png */,
				C820784113ADA4C600C4F9C9 /* patternBg.png */,
				C820784513ADAD3400C4F9C9 /* patternBgGray.png */,
				C820785E13ADBA4E00C4F9C9 /* reportNote.png */,
				C820785F13ADBA4E00C4F9C9 /* reportNote@2x.png */,
				C80F536013ADC5A60040519D /* sync.png */,
				C80F536113ADC5A60040519D /* sync@2x.png */,
				C820783D13ADA35300C4F9C9 /* Default.png */,
			);
			name = Images;
			sourceTree = "<group>";
		};
		C820784713ADAD6300C4F9C9 /* Resources */ = {
			isa = PBXGroup;
			children = (
				C820787613ADBFE300C4F9C9 /* Titling.ttf */,
				C820787813ADC0F300C4F9C9 /* Angelina.ttf */,
			);
			name = Resources;
			sourceTree = "<group>";
		};
/* End PBXGroup section */

/* Begin PBXNativeTarget section */
		C820778213AD406800C4F9C9 /* MyCity */ = {
			isa = PBXNativeTarget;
			buildConfigurationList = C82077A913AD406800C4F9C9 /* Build configuration list for PBXNativeTarget "MyCity" */;
			buildPhases = (
				C820777F13AD406800C4F9C9 /* Sources */,
				C820778013AD406800C4F9C9 /* Frameworks */,
				C820778113AD406800C4F9C9 /* Resources */,
			);
			buildRules = (
			);
			dependencies = (
			);
			name = MyCity;
			productName = MyCity;
			productReference = C820778313AD406800C4F9C9 /* MyCity.app */;
			productType = "com.apple.product-type.application";
		};
/* End PBXNativeTarget section */

/* Begin PBXProject section */
		C820777A13AD406800C4F9C9 /* Project object */ = {
			isa = PBXProject;
			attributes = {
				ORGANIZATIONNAME = OneZeroWare;
			};
			buildConfigurationList = C820777D13AD406800C4F9C9 /* Build configuration list for PBXProject "MyCity" */;
			compatibilityVersion = "Xcode 3.2";
			developmentRegion = English;
			hasScannedForEncodings = 0;
			knownRegions = (
				en,
			);
			mainGroup = C820777813AD406800C4F9C9;
			productRefGroup = C820778413AD406800C4F9C9 /* Products */;
			projectDirPath = "";
			projectRoot = "";
			targets = (
				C820778213AD406800C4F9C9 /* MyCity */,
			);
		};
/* End PBXProject section */

/* Begin PBXResourcesBuildPhase section */
		C820778113AD406800C4F9C9 /* Resources */ = {
			isa = PBXResourcesBuildPhase;
			buildActionMask = 2147483647;
			files = (
				C820779413AD406800C4F9C9 /* InfoPlist.strings in Resources */,
				C82077A013AD406800C4F9C9 /* MainWindow.xib in Resources */,
				C820782C13AD8A9400C4F9C9 /* RootViewController.xib in Resources */,
				C820782E13AD8B2100C4F9C9 /* EMOptionsTableViewCell.xib in Resources */,
				C820783E13ADA35300C4F9C9 /* Default.png in Resources */,
				C820784213ADA4C600C4F9C9 /* patternBg.png in Resources */,
				C820784613ADAD3500C4F9C9 /* patternBgGray.png in Resources */,
				C820786013ADBA4E00C4F9C9 /* reportNote.png in Resources */,
				C820786113ADBA4E00C4F9C9 /* reportNote@2x.png in Resources */,
				C820786413ADBAD800C4F9C9 /* cityLogo.png in Resources */,
				C820786513ADBAD800C4F9C9 /* cityLogo@2x.png in Resources */,
				C820787713ADBFE300C4F9C9 /* Titling.ttf in Resources */,
				C820787913ADC0F300C4F9C9 /* Angelina.ttf in Resources */,
				C80F536213ADC5A60040519D /* sync.png in Resources */,
				C80F536313ADC5A60040519D /* sync@2x.png in Resources */,
			);
			runOnlyForDeploymentPostprocessing = 0;
		};
/* End PBXResourcesBuildPhase section */

/* Begin PBXSourcesBuildPhase section */
		C820777F13AD406800C4F9C9 /* Sources */ = {
			isa = PBXSourcesBuildPhase;
			buildActionMask = 2147483647;
			files = (
				C820779713AD406800C4F9C9 /* main.m in Sources */,
				C820779A13AD406800C4F9C9 /* MyCityAppDelegate.m in Sources */,
				C820779D13AD406800C4F9C9 /* MyCity.xcdatamodeld in Sources */,
				C82077A313AD406800C4F9C9 /* RootViewController.m in Sources */,
				C82077F313AD572400C4F9C9 /* NSObject+SBJson.m in Sources */,
				C82077F413AD572400C4F9C9 /* SBJsonParser.m in Sources */,
				C82077F513AD572400C4F9C9 /* SBJsonStreamParser.m in Sources */,
				C82077F613AD572400C4F9C9 /* SBJsonStreamParserAccumulator.m in Sources */,
				C82077F713AD572400C4F9C9 /* SBJsonStreamParserAdapter.m in Sources */,
				C82077F813AD572400C4F9C9 /* SBJsonStreamParserState.m in Sources */,
				C82077F913AD572400C4F9C9 /* SBJsonStreamWriter.m in Sources */,
				C82077FA13AD572400C4F9C9 /* SBJsonStreamWriterAccumulator.m in Sources */,
				C82077FB13AD572400C4F9C9 /* SBJsonStreamWriterState.m in Sources */,
				C82077FC13AD572400C4F9C9 /* SBJsonTokeniser.m in Sources */,
				C82077FD13AD572400C4F9C9 /* SBJsonUTF8Stream.m in Sources */,
				C82077FE13AD572400C4F9C9 /* SBJsonWriter.m in Sources */,
				C820780713AD57DB00C4F9C9 /* MCIssue.m in Sources */,
				C820783A13ADA21800C4F9C9 /* TISwipeableTableView.m in Sources */,
				C820783B13ADA21800C4F9C9 /* SwipeableCell.m in Sources */,
			);
			runOnlyForDeploymentPostprocessing = 0;
		};
/* End PBXSourcesBuildPhase section */

/* Begin PBXVariantGroup section */
		C820779213AD406800C4F9C9 /* InfoPlist.strings */ = {
			isa = PBXVariantGroup;
			children = (
				C820779313AD406800C4F9C9 /* en */,
			);
			name = InfoPlist.strings;
			sourceTree = "<group>";
		};
		C820779E13AD406800C4F9C9 /* MainWindow.xib */ = {
			isa = PBXVariantGroup;
			children = (
				C820779F13AD406800C4F9C9 /* en */,
			);
			name = MainWindow.xib;
			sourceTree = "<group>";
		};
/* End PBXVariantGroup section */

/* Begin XCBuildConfiguration section */
		C82077A713AD406800C4F9C9 /* Debug */ = {
			isa = XCBuildConfiguration;
			buildSettings = {
				ARCHS = "$(ARCHS_STANDARD_32_BIT)";
				"CODE_SIGN_IDENTITY[sdk=iphoneos*]" = "iPhone Developer";
				GCC_C_LANGUAGE_STANDARD = gnu99;
				GCC_OPTIMIZATION_LEVEL = 0;
				GCC_PREPROCESSOR_DEFINITIONS = DEBUG;
				GCC_SYMBOLS_PRIVATE_EXTERN = NO;
				GCC_VERSION = com.apple.compilers.llvmgcc42;
				GCC_WARN_ABOUT_RETURN_TYPE = YES;
				GCC_WARN_UNUSED_VARIABLE = YES;
				IPHONEOS_DEPLOYMENT_TARGET = 4.3;
				SDKROOT = iphoneos;
			};
			name = Debug;
		};
		C82077A813AD406800C4F9C9 /* Release */ = {
			isa = XCBuildConfiguration;
			buildSettings = {
				ARCHS = "$(ARCHS_STANDARD_32_BIT)";
				"CODE_SIGN_IDENTITY[sdk=iphoneos*]" = "iPhone Developer";
				GCC_C_LANGUAGE_STANDARD = gnu99;
				GCC_VERSION = com.apple.compilers.llvmgcc42;
				GCC_WARN_ABOUT_RETURN_TYPE = YES;
				GCC_WARN_UNUSED_VARIABLE = YES;
				IPHONEOS_DEPLOYMENT_TARGET = 4.3;
				OTHER_CFLAGS = "-DNS_BLOCK_ASSERTIONS=1";
				SDKROOT = iphoneos;
			};
			name = Release;
		};
		C82077AA13AD406800C4F9C9 /* Debug */ = {
			isa = XCBuildConfiguration;
			buildSettings = {
				ALWAYS_SEARCH_USER_PATHS = NO;
				COPY_PHASE_STRIP = NO;
				GCC_DYNAMIC_NO_PIC = NO;
				GCC_PRECOMPILE_PREFIX_HEADER = YES;
				GCC_PREFIX_HEADER = "MyCity/MyCity-Prefix.pch";
				INFOPLIST_FILE = "MyCity/MyCity-Info.plist";
				PRODUCT_NAME = "$(TARGET_NAME)";
				WRAPPER_EXTENSION = app;
			};
			name = Debug;
		};
		C82077AB13AD406800C4F9C9 /* Release */ = {
			isa = XCBuildConfiguration;
			buildSettings = {
				ALWAYS_SEARCH_USER_PATHS = NO;
				COPY_PHASE_STRIP = YES;
				GCC_PRECOMPILE_PREFIX_HEADER = YES;
				GCC_PREFIX_HEADER = "MyCity/MyCity-Prefix.pch";
				INFOPLIST_FILE = "MyCity/MyCity-Info.plist";
				PRODUCT_NAME = "$(TARGET_NAME)";
				VALIDATE_PRODUCT = YES;
				WRAPPER_EXTENSION = app;
			};
			name = Release;
		};
/* End XCBuildConfiguration section */

/* Begin XCConfigurationList section */
		C820777D13AD406800C4F9C9 /* Build configuration list for PBXProject "MyCity" */ = {
			isa = XCConfigurationList;
			buildConfigurations = (
				C82077A713AD406800C4F9C9 /* Debug */,
				C82077A813AD406800C4F9C9 /* Release */,
			);
			defaultConfigurationIsVisible = 0;
			defaultConfigurationName = Release;
		};
		C82077A913AD406800C4F9C9 /* Build configuration list for PBXNativeTarget "MyCity" */ = {
			isa = XCConfigurationList;
			buildConfigurations = (
				C82077AA13AD406800C4F9C9 /* Debug */,
				C82077AB13AD406800C4F9C9 /* Release */,
			);
			defaultConfigurationIsVisible = 0;
			defaultConfigurationName = Release;
		};
/* End XCConfigurationList section */

/* Begin XCVersionGroup section */
		C820779B13AD406800C4F9C9 /* MyCity.xcdatamodeld */ = {
			isa = XCVersionGroup;
			children = (
				C820779C13AD406800C4F9C9 /* MyCity.xcdatamodel */,
			);
			currentVersion = C820779C13AD406800C4F9C9 /* MyCity.xcdatamodel */;
			path = MyCity.xcdatamodeld;
			sourceTree = "<group>";
			versionGroupType = wrapper.xcdatamodel;
		};
/* End XCVersionGroup section */
	};
	rootObject = C820777A13AD406800C4F9C9 /* Project object */;
}
